// !$*UTF8*$!
{
	archiveVersion = 1;
	classes = {
	};
	objectVersion = 50;
	objects = {

/* Begin PBXBuildFile section */
		B780945F26004E8C00AEB870 /* PatchmanApp.swift in Sources */ = {isa = PBXBuildFile; fileRef = B780945E26004E8C00AEB870 /* PatchmanApp.swift */; };
		B780946126004E8C00AEB870 /* ContentView.swift in Sources */ = {isa = PBXBuildFile; fileRef = B780946026004E8C00AEB870 /* ContentView.swift */; };
		B780946326004E8D00AEB870 /* Assets.xcassets in Resources */ = {isa = PBXBuildFile; fileRef = B780946226004E8D00AEB870 /* Assets.xcassets */; };
		B780946626004E8D00AEB870 /* Preview Assets.xcassets in Resources */ = {isa = PBXBuildFile; fileRef = B780946526004E8D00AEB870 /* Preview Assets.xcassets */; };
		B780947026004EA200AEB870 /* Patchman.swift in Sources */ = {isa = PBXBuildFile; fileRef = B780946F26004EA200AEB870 /* Patchman.swift */; };
/* End PBXBuildFile section */

/* Begin PBXFileReference section */
		B780945B26004E8C00AEB870 /* Patchman.app */ = {isa = PBXFileReference; explicitFileType = wrapper.application; includeInIndex = 0; path = Patchman.app; sourceTree = BUILT_PRODUCTS_DIR; };
		B780945E26004E8C00AEB870 /* PatchmanApp.swift */ = {isa = PBXFileReference; lastKnownFileType = sourcecode.swift; path = PatchmanApp.swift; sourceTree = "<group>"; };
		B780946026004E8C00AEB870 /* ContentView.swift */ = {isa = PBXFileReference; lastKnownFileType = sourcecode.swift; path = ContentView.swift; sourceTree = "<group>"; };
		B780946226004E8D00AEB870 /* Assets.xcassets */ = {isa = PBXFileReference; lastKnownFileType = folder.assetcatalog; path = Assets.xcassets; sourceTree = "<group>"; };
		B780946526004E8D00AEB870 /* Preview Assets.xcassets */ = {isa = PBXFileReference; lastKnownFileType = folder.assetcatalog; path = "Preview Assets.xcassets"; sourceTree = "<group>"; };
		B780946726004E8D00AEB870 /* Info.plist */ = {isa = PBXFileReference; lastKnownFileType = text.plist.xml; path = Info.plist; sourceTree = "<group>"; };
		B780946826004E8D00AEB870 /* Patchman.entitlements */ = {isa = PBXFileReference; lastKnownFileType = text.plist.entitlements; path = Patchman.entitlements; sourceTree = "<group>"; };
		B780946F26004EA200AEB870 /* Patchman.swift */ = {isa = PBXFileReference; lastKnownFileType = sourcecode.swift; path = Patchman.swift; sourceTree = "<group>"; };
/* End PBXFileReference section */

/* Begin PBXFrameworksBuildPhase section */
		B780945826004E8C00AEB870 /* Frameworks */ = {
			isa = PBXFrameworksBuildPhase;
			buildActionMask = 2147483647;
			files = (
			);
			runOnlyForDeploymentPostprocessing = 0;
		};
/* End PBXFrameworksBuildPhase section */

/* Begin PBXGroup section */
		B780945226004E8C00AEB870 = {
			isa = PBXGroup;
			children = (
				B780945D26004E8C00AEB870 /* Patchman */,
				B780945C26004E8C00AEB870 /* Products */,
			);
			sourceTree = "<group>";
		};
		B780945C26004E8C00AEB870 /* Products */ = {
			isa = PBXGroup;
			children = (
				B780945B26004E8C00AEB870 /* Patchman.app */,
			);
			name = Products;
			sourceTree = "<group>";
		};
		B780945D26004E8C00AEB870 /* Patchman */ = {
			isa = PBXGroup;
			children = (
				B780945E26004E8C00AEB870 /* PatchmanApp.swift */,
				B780946026004E8C00AEB870 /* ContentView.swift */,
				B780946226004E8D00AEB870 /* Assets.xcassets */,
				B780946726004E8D00AEB870 /* Info.plist */,
				B780946826004E8D00AEB870 /* Patchman.entitlements */,
				B780946426004E8D00AEB870 /* Preview Content */,
				B780946F26004EA200AEB870 /* Patchman.swift */,
			);
			path = Patchman;
			sourceTree = "<group>";
		};
		B780946426004E8D00AEB870 /* Preview Content */ = {
			isa = PBXGroup;
			children = (
				B780946526004E8D00AEB870 /* Preview Assets.xcassets */,
			);
			path = "Preview Content";
			sourceTree = "<group>";
		};
/* End PBXGroup section */

/* Begin PBXNativeTarget section */
		B780945A26004E8C00AEB870 /* Patchman */ = {
			isa = PBXNativeTarget;
			buildConfigurationList = B780946B26004E8D00AEB870 /* Build configuration list for PBXNativeTarget "Patchman" */;
			buildPhases = (
				B780945726004E8C00AEB870 /* Sources */,
				B780945826004E8C00AEB870 /* Frameworks */,
				B780945926004E8C00AEB870 /* Resources */,
			);
			buildRules = (
			);
			dependencies = (
			);
			name = Patchman;
			productName = Patchman;
			productReference = B780945B26004E8C00AEB870 /* Patchman.app */;
			productType = "com.apple.product-type.application";
		};
/* End PBXNativeTarget section */

/* Begin PBXProject section */
		B780945326004E8C00AEB870 /* Project object */ = {
			isa = PBXProject;
			attributes = {
				LastSwiftUpdateCheck = 1230;
				LastUpgradeCheck = 1230;
				TargetAttributes = {
					B780945A26004E8C00AEB870 = {
						CreatedOnToolsVersion = 12.3;
					};
				};
			};
			buildConfigurationList = B780945626004E8C00AEB870 /* Build configuration list for PBXProject "Patchman" */;
			compatibilityVersion = "Xcode 9.3";
			developmentRegion = en;
			hasScannedForEncodings = 0;
			knownRegions = (
				en,
				Base,
			);
			mainGroup = B780945226004E8C00AEB870;
			productRefGroup = B780945C26004E8C00AEB870 /* Products */;
			projectDirPath = "";
			projectRoot = "";
			targets = (
				B780945A26004E8C00AEB870 /* Patchman */,
			);
		};
/* End PBXProject section */

/* Begin PBXResourcesBuildPhase section */
		B780945926004E8C00AEB870 /* Resources */ = {
			isa = PBXResourcesBuildPhase;
			buildActionMask = 2147483647;
			files = (
				B780946626004E8D00AEB870 /* Preview Assets.xcassets in Resources */,
				B780946326004E8D00AEB870 /* Assets.xcassets in Resources */,
			);
			runOnlyForDeploymentPostprocessing = 0;
		};
/* End PBXResourcesBuildPhase section */

/* Begin PBXSourcesBuildPhase section */
		B780945726004E8C00AEB870 /* Sources */ = {
			isa = PBXSourcesBuildPhase;
			buildActionMask = 2147483647;
			files = (
				B780947026004EA200AEB870 /* Patchman.swift in Sources */,
				B780946126004E8C00AEB870 /* ContentView.swift in Sources */,
				B780945F26004E8C00AEB870 /* PatchmanApp.swift in Sources */,
			);
			runOnlyForDeploymentPostprocessing = 0;
		};
/* End PBXSourcesBuildPhase section */

/* Begin XCBuildConfiguration section */
		B780946926004E8D00AEB870 /* Debug */ = {
			isa = XCBuildConfiguration;
			buildSettings = {
				ALWAYS_SEARCH_USER_PATHS = NO;
				CLANG_ANALYZER_NONNULL = YES;
				CLANG_ANALYZER_NUMBER_OBJECT_CONVERSION = YES_AGGRESSIVE;
				CLANG_CXX_LANGUAGE_STANDARD = "gnu++14";
				CLANG_CXX_LIBRARY = "libc++";
				CLANG_ENABLE_MODULES = YES;
				CLANG_ENABLE_OBJC_ARC = YES;
				CLANG_ENABLE_OBJC_WEAK = YES;
				CLANG_WARN_BLOCK_CAPTURE_AUTORELEASING = YES;
				CLANG_WARN_BOOL_CONVERSION = YES;
				CLANG_WARN_COMMA = YES;
				CLANG_WARN_CONSTANT_CONVERSION = YES;
				CLANG_WARN_DEPRECATED_OBJC_IMPLEMENTATIONS = YES;
				CLANG_WARN_DIRECT_OBJC_ISA_USAGE = YES_ERROR;
				CLANG_WARN_DOCUMENTATION_COMMENTS = YES;
				CLANG_WARN_EMPTY_BODY = YES;
				CLANG_WARN_ENUM_CONVERSION = YES;
				CLANG_WARN_INFINITE_RECURSION = YES;
				CLANG_WARN_INT_CONVERSION = YES;
				CLANG_WARN_NON_LITERAL_NULL_CONVERSION = YES;
				CLANG_WARN_OBJC_IMPLICIT_RETAIN_SELF = YES;
				CLANG_WARN_OBJC_LITERAL_CONVERSION = YES;
				CLANG_WARN_OBJC_ROOT_CLASS = YES_ERROR;
				CLANG_WARN_QUOTED_INCLUDE_IN_FRAMEWORK_HEADER = YES;
				CLANG_WARN_RANGE_LOOP_ANALYSIS = YES;
				CLANG_WARN_STRICT_PROTOTYPES = YES;
				CLANG_WARN_SUSPICIOUS_MOVE = YES;
				CLANG_WARN_UNGUARDED_AVAILABILITY = YES_AGGRESSIVE;
				CLANG_WARN_UNREACHABLE_CODE = YES;
				CLANG_WARN__DUPLICATE_METHOD_MATCH = YES;
				COPY_PHASE_STRIP = NO;
				DEBUG_INFORMATION_FORMAT = dwarf;
				ENABLE_STRICT_OBJC_MSGSEND = YES;
				ENABLE_TESTABILITY = YES;
				GCC_C_LANGUAGE_STANDARD = gnu11;
				GCC_DYNAMIC_NO_PIC = NO;
				GCC_NO_COMMON_BLOCKS = YES;
				GCC_OPTIMIZATION_LEVEL = 0;
				GCC_PREPROCESSOR_DEFINITIONS = (
					"DEBUG=1",
					"$(inherited)",
				);
				GCC_WARN_64_TO_32_BIT_CONVERSION = YES;
				GCC_WARN_ABOUT_RETURN_TYPE = YES_ERROR;
				GCC_WARN_UNDECLARED_SELECTOR = YES;
				GCC_WARN_UNINITIALIZED_AUTOS = YES_AGGRESSIVE;
				GCC_WARN_UNUSED_FUNCTION = YES;
				GCC_WARN_UNUSED_VARIABLE = YES;
				MACOSX_DEPLOYMENT_TARGET = 11.1;
				MTL_ENABLE_DEBUG_INFO = INCLUDE_SOURCE;
				MTL_FAST_MATH = YES;
				ONLY_ACTIVE_ARCH = YES;
				SDKROOT = macosx;
				SWIFT_ACTIVE_COMPILATION_CONDITIONS = DEBUG;
				SWIFT_OPTIMIZATION_LEVEL = "-Onone";
			};
			name = Debug;
		};
		B780946A26004E8D00AEB870 /* Release */ = {
			isa = XCBuildConfiguration;
			buildSettings = {
				ALWAYS_SEARCH_USER_PATHS = NO;
				CLANG_ANALYZER_NONNULL = YES;
				CLANG_ANALYZER_NUMBER_OBJECT_CONVERSION = YES_AGGRESSIVE;
				CLANG_CXX_LANGUAGE_STANDARD = "gnu++14";
				CLANG_CXX_LIBRARY = "libc++";
				CLANG_ENABLE_MODULES = YES;
				CLANG_ENABLE_OBJC_ARC = YES;
				CLANG_ENABLE_OBJC_WEAK = YES;
				CLANG_WARN_BLOCK_CAPTURE_AUTORELEASING = YES;
				CLANG_WARN_BOOL_CONVERSION = YES;
				CLANG_WARN_COMMA = YES;
				CLANG_WARN_CONSTANT_CONVERSION = YES;
				CLANG_WARN_DEPRECATED_OBJC_IMPLEMENTATIONS = YES;
				CLANG_WARN_DIRECT_OBJC_ISA_USAGE = YES_ERROR;
				CLANG_WARN_DOCUMENTATION_COMMENTS = YES;
				CLANG_WARN_EMPTY_BODY = YES;
				CLANG_WARN_ENUM_CONVERSION = YES;
				CLANG_WARN_INFINITE_RECURSION = YES;
				CLANG_WARN_INT_CONVERSION = YES;
				CLANG_WARN_NON_LITERAL_NULL_CONVERSION = YES;
				CLANG_WARN_OBJC_IMPLICIT_RETAIN_SELF = YES;
				CLANG_WARN_OBJC_LITERAL_CONVERSION = YES;
				CLANG_WARN_OBJC_ROOT_CLASS = YES_ERROR;
				CLANG_WARN_QUOTED_INCLUDE_IN_FRAMEWORK_HEADER = YES;
				CLANG_WARN_RANGE_LOOP_ANALYSIS = YES;
				CLANG_WARN_STRICT_PROTOTYPES = YES;
				CLANG_WARN_SUSPICIOUS_MOVE = YES;
				CLANG_WARN_UNGUARDED_AVAILABILITY = YES_AGGRESSIVE;
				CLANG_WARN_UNREACHABLE_CODE = YES;
				CLANG_WARN__DUPLICATE_METHOD_MATCH = YES;
				COPY_PHASE_STRIP = NO;
				DEBUG_INFORMATION_FORMAT = "dwarf-with-dsym";
				ENABLE_NS_ASSERTIONS = NO;
				ENABLE_STRICT_OBJC_MSGSEND = YES;
				GCC_C_LANGUAGE_STANDARD = gnu11;
				GCC_NO_COMMON_BLOCKS = YES;
				GCC_WARN_64_TO_32_BIT_CONVERSION = YES;
				GCC_WARN_ABOUT_RETURN_TYPE = YES_ERROR;
				GCC_WARN_UNDECLARED_SELECTOR = YES;
				GCC_WARN_UNINITIALIZED_AUTOS = YES_AGGRESSIVE;
				GCC_WARN_UNUSED_FUNCTION = YES;
				GCC_WARN_UNUSED_VARIABLE = YES;
				MACOSX_DEPLOYMENT_TARGET = 11.1;
				MTL_ENABLE_DEBUG_INFO = NO;
				MTL_FAST_MATH = YES;
				SDKROOT = macosx;
				SWIFT_COMPILATION_MODE = wholemodule;
				SWIFT_OPTIMIZATION_LEVEL = "-O";
			};
			name = Release;
		};
		B780946C26004E8D00AEB870 /* Debug */ = {
			isa = XCBuildConfiguration;
			buildSettings = {
				ASSETCATALOG_COMPILER_APPICON_NAME = AppIcon;
				ASSETCATALOG_COMPILER_GLOBAL_ACCENT_COLOR_NAME = AccentColor;
				CODE_SIGN_ENTITLEMENTS = Patchman/Patchman.entitlements;
				CODE_SIGN_STYLE = Automatic;
				COMBINE_HIDPI_IMAGES = YES;
				DEVELOPMENT_ASSET_PATHS = "\"Patchman/Preview Content\"";
				DEVELOPMENT_TEAM = TR3K2EP48P;
				ENABLE_HARDENED_RUNTIME = YES;
				ENABLE_PREVIEWS = YES;
				INFOPLIST_FILE = Patchman/Info.plist;
				LD_RUNPATH_SEARCH_PATHS = (
					"$(inherited)",
					"@executable_path/../Frameworks",
				);
				MACOSX_DEPLOYMENT_TARGET = 11.0;
				PRODUCT_BUNDLE_IDENTIFIER = com.luby.Patchman;
				PRODUCT_NAME = "$(TARGET_NAME)";
				SWIFT_VERSION = 5.0;
			};
			name = Debug;
		};
		B780946D26004E8D00AEB870 /* Release */ = {
			isa = XCBuildConfiguration;
			buildSettings = {
				ASSETCATALOG_COMPILER_APPICON_NAME = AppIcon;
				ASSETCATALOG_COMPILER_GLOBAL_ACCENT_COLOR_NAME = AccentColor;
				CODE_SIGN_ENTITLEMENTS = Patchman/Patchman.entitlements;
				CODE_SIGN_STYLE = Automatic;
				COMBINE_HIDPI_IMAGES = YES;
				DEVELOPMENT_ASSET_PATHS = "\"Patchman/Preview Content\"";
				DEVELOPMENT_TEAM = TR3K2EP48P;
				ENABLE_HARDENED_RUNTIME = YES;
				ENABLE_PREVIEWS = YES;
				INFOPLIST_FILE = Patchman/Info.plist;
				LD_RUNPATH_SEARCH_PATHS = (
					"$(inherited)",
					"@executable_path/../Frameworks",
				);
				MACOSX_DEPLOYMENT_TARGET = 11.0;
				PRODUCT_BUNDLE_IDENTIFIER = com.luby.Patchman;
				PRODUCT_NAME = "$(TARGET_NAME)";
				SWIFT_VERSION = 5.0;
			};
			name = Release;
		};
/* End XCBuildConfiguration section */

/* Begin XCConfigurationList section */
		B780945626004E8C00AEB870 /* Build configuration list for PBXProject "Patchman" */ = {
			isa = XCConfigurationList;
			buildConfigurations = (
				B780946926004E8D00AEB870 /* Debug */,
				B780946A26004E8D00AEB870 /* Release */,
			);
			defaultConfigurationIsVisible = 0;
			defaultConfigurationName = Release;
		};
		B780946B26004E8D00AEB870 /* Build configuration list for PBXNativeTarget "Patchman" */ = {
			isa = XCConfigurationList;
			buildConfigurations = (
				B780946C26004E8D00AEB870 /* Debug */,
				B780946D26004E8D00AEB870 /* Release */,
			);
			defaultConfigurationIsVisible = 0;
			defaultConfigurationName = Release;
		};
/* End XCConfigurationList section */
	};
	rootObject = B780945326004E8C00AEB870 /* Project object */;
}
